{
	"name": "@eno/utils",
	"version": "0.0.0",
	"lockfileVersion": 1,
	"requires": true,
	"dependencies": {
		"chalk": {
			"version": "5.0.1",
			"resolved": "https://mirrors.tencent.com/npm/chalk/-/chalk-5.0.1.tgz",
			"integrity": "sha512-Fo07WOYGqMfCWHOzSXOt2CxDbC6skS/jO9ynEcmpANMoPrD+W1r1K6Vx7iNm+AQmETU1Xr2t+n8nzkV9t6xh3w=="
		}
	}
}
